// !$*UTF8*$!
{
	archiveVersion = 1;
	classes = {
	};
	objectVersion = 51;
	objects = {

/* Begin PBXBuildFile section */
		860EB8766BC7B01507913852 /* Pods_UberTutorial.framework in Frameworks */ = {isa = PBXBuildFile; fileRef = 4580E6F38DDAB6E1238E9FFF /* Pods_UberTutorial.framework */; };
		DE235D4024DD350800C2221A /* AppDelegate.swift in Sources */ = {isa = PBXBuildFile; fileRef = DE235D3F24DD350800C2221A /* AppDelegate.swift */; };
		DE235D4224DD350800C2221A /* SceneDelegate.swift in Sources */ = {isa = PBXBuildFile; fileRef = DE235D4124DD350800C2221A /* SceneDelegate.swift */; };
		DE235D4924DD350C00C2221A /* Assets.xcassets in Resources */ = {isa = PBXBuildFile; fileRef = DE235D4824DD350C00C2221A /* Assets.xcassets */; };
		DE235D4C24DD350C00C2221A /* LaunchScreen.storyboard in Resources */ = {isa = PBXBuildFile; fileRef = DE235D4A24DD350C00C2221A /* LaunchScreen.storyboard */; };
		DE235D5B24DD36B000C2221A /* LoginContrroller.swift in Sources */ = {isa = PBXBuildFile; fileRef = DE235D5A24DD36B000C2221A /* LoginContrroller.swift */; };
		DE235D5D24DD420100C2221A /* Extension.swift in Sources */ = {isa = PBXBuildFile; fileRef = DE235D5C24DD420100C2221A /* Extension.swift */; };
		DE7BD40824DEC38C004F0881 /* SignUpController.swift in Sources */ = {isa = PBXBuildFile; fileRef = DE7BD40724DEC38C004F0881 /* SignUpController.swift */; };
		DE7BD40A24E12C61004F0881 /* AuthButton.swift in Sources */ = {isa = PBXBuildFile; fileRef = DE7BD40924E12C61004F0881 /* AuthButton.swift */; };
		DE7BD40E24E13B5B004F0881 /* GoogleService-Info.plist in Resources */ = {isa = PBXBuildFile; fileRef = DE7BD40D24E13B5B004F0881 /* GoogleService-Info.plist */; };
		DE7BD41024E14AC6004F0881 /* HomeController.swift in Sources */ = {isa = PBXBuildFile; fileRef = DE7BD40F24E14AC6004F0881 /* HomeController.swift */; };
		DE7BD41224E1906B004F0881 /* LocationInputActivationView.swift in Sources */ = {isa = PBXBuildFile; fileRef = DE7BD41124E1906B004F0881 /* LocationInputActivationView.swift */; };
		DE7BD41424E2544E004F0881 /* LocationInputView.swift in Sources */ = {isa = PBXBuildFile; fileRef = DE7BD41324E2544E004F0881 /* LocationInputView.swift */; };
		DE7BD41624E270B2004F0881 /* LocationCell.swift in Sources */ = {isa = PBXBuildFile; fileRef = DE7BD41524E270B1004F0881 /* LocationCell.swift */; };
		DE7BD41824E2E218004F0881 /* Service.swift in Sources */ = {isa = PBXBuildFile; fileRef = DE7BD41724E2E218004F0881 /* Service.swift */; };
		DE7BD46024E687F4004F0881 /* User.swift in Sources */ = {isa = PBXBuildFile; fileRef = DE7BD45F24E687F4004F0881 /* User.swift */; };
		DE7BD46224E699D3004F0881 /* Locatiohandler.swift in Sources */ = {isa = PBXBuildFile; fileRef = DE7BD46124E699D3004F0881 /* Locatiohandler.swift */; };
		DE7BD46424E9425F004F0881 /* DriverAnnotation.swift in Sources */ = {isa = PBXBuildFile; fileRef = DE7BD46324E9425F004F0881 /* DriverAnnotation.swift */; };
		DE8E80B32500C61100DDAAC2 /* RideActionView.swift in Sources */ = {isa = PBXBuildFile; fileRef = DE8E80B22500C61100DDAAC2 /* RideActionView.swift */; };
/* End PBXBuildFile section */

/* Begin PBXFileReference section */
		4580E6F38DDAB6E1238E9FFF /* Pods_UberTutorial.framework */ = {isa = PBXFileReference; explicitFileType = wrapper.framework; includeInIndex = 0; path = Pods_UberTutorial.framework; sourceTree = BUILT_PRODUCTS_DIR; };
		9817DB683C7038A89D0D2100 /* Pods-UberTutorial.release.xcconfig */ = {isa = PBXFileReference; includeInIndex = 1; lastKnownFileType = text.xcconfig; name = "Pods-UberTutorial.release.xcconfig"; path = "Target Support Files/Pods-UberTutorial/Pods-UberTutorial.release.xcconfig"; sourceTree = "<group>"; };
		CCB883814D6CA09C74656099 /* Pods-UberTutorial.debug.xcconfig */ = {isa = PBXFileReference; includeInIndex = 1; lastKnownFileType = text.xcconfig; name = "Pods-UberTutorial.debug.xcconfig"; path = "Target Support Files/Pods-UberTutorial/Pods-UberTutorial.debug.xcconfig"; sourceTree = "<group>"; };
		DE235D3C24DD350800C2221A /* UberTutorial.app */ = {isa = PBXFileReference; explicitFileType = wrapper.application; includeInIndex = 0; path = UberTutorial.app; sourceTree = BUILT_PRODUCTS_DIR; };
		DE235D3F24DD350800C2221A /* AppDelegate.swift */ = {isa = PBXFileReference; lastKnownFileType = sourcecode.swift; path = AppDelegate.swift; sourceTree = "<group>"; };
		DE235D4124DD350800C2221A /* SceneDelegate.swift */ = {isa = PBXFileReference; lastKnownFileType = sourcecode.swift; path = SceneDelegate.swift; sourceTree = "<group>"; };
		DE235D4824DD350C00C2221A /* Assets.xcassets */ = {isa = PBXFileReference; lastKnownFileType = folder.assetcatalog; path = Assets.xcassets; sourceTree = "<group>"; };
		DE235D4B24DD350C00C2221A /* Base */ = {isa = PBXFileReference; lastKnownFileType = file.storyboard; name = Base; path = Base.lproj/LaunchScreen.storyboard; sourceTree = "<group>"; };
		DE235D4D24DD350C00C2221A /* Info.plist */ = {isa = PBXFileReference; lastKnownFileType = text.plist.xml; path = Info.plist; sourceTree = "<group>"; };
		DE235D5A24DD36B000C2221A /* LoginContrroller.swift */ = {isa = PBXFileReference; lastKnownFileType = sourcecode.swift; path = LoginContrroller.swift; sourceTree = "<group>"; };
		DE235D5C24DD420100C2221A /* Extension.swift */ = {isa = PBXFileReference; lastKnownFileType = sourcecode.swift; path = Extension.swift; sourceTree = "<group>"; };
		DE7BD40724DEC38C004F0881 /* SignUpController.swift */ = {isa = PBXFileReference; lastKnownFileType = sourcecode.swift; path = SignUpController.swift; sourceTree = "<group>"; };
		DE7BD40924E12C61004F0881 /* AuthButton.swift */ = {isa = PBXFileReference; lastKnownFileType = sourcecode.swift; path = AuthButton.swift; sourceTree = "<group>"; };
		DE7BD40D24E13B5B004F0881 /* GoogleService-Info.plist */ = {isa = PBXFileReference; fileEncoding = 4; lastKnownFileType = text.plist.xml; path = "GoogleService-Info.plist"; sourceTree = "<group>"; };
		DE7BD40F24E14AC6004F0881 /* HomeController.swift */ = {isa = PBXFileReference; lastKnownFileType = sourcecode.swift; path = HomeController.swift; sourceTree = "<group>"; };
		DE7BD41124E1906B004F0881 /* LocationInputActivationView.swift */ = {isa = PBXFileReference; lastKnownFileType = sourcecode.swift; path = LocationInputActivationView.swift; sourceTree = "<group>"; };
		DE7BD41324E2544E004F0881 /* LocationInputView.swift */ = {isa = PBXFileReference; lastKnownFileType = sourcecode.swift; path = LocationInputView.swift; sourceTree = "<group>"; };
		DE7BD41524E270B1004F0881 /* LocationCell.swift */ = {isa = PBXFileReference; lastKnownFileType = sourcecode.swift; path = LocationCell.swift; sourceTree = "<group>"; };
		DE7BD41724E2E218004F0881 /* Service.swift */ = {isa = PBXFileReference; lastKnownFileType = sourcecode.swift; path = Service.swift; sourceTree = "<group>"; };
		DE7BD45F24E687F4004F0881 /* User.swift */ = {isa = PBXFileReference; lastKnownFileType = sourcecode.swift; path = User.swift; sourceTree = "<group>"; };
		DE7BD46124E699D3004F0881 /* Locatiohandler.swift */ = {isa = PBXFileReference; lastKnownFileType = sourcecode.swift; path = Locatiohandler.swift; sourceTree = "<group>"; };
		DE7BD46324E9425F004F0881 /* DriverAnnotation.swift */ = {isa = PBXFileReference; lastKnownFileType = sourcecode.swift; path = DriverAnnotation.swift; sourceTree = "<group>"; };
		DE8E80B22500C61100DDAAC2 /* RideActionView.swift */ = {isa = PBXFileReference; lastKnownFileType = sourcecode.swift; path = RideActionView.swift; sourceTree = "<group>"; };
/* End PBXFileReference section */

/* Begin PBXFrameworksBuildPhase section */
		DE235D3924DD350800C2221A /* Frameworks */ = {
			isa = PBXFrameworksBuildPhase;
			buildActionMask = 2147483647;
			files = (
				860EB8766BC7B01507913852 /* Pods_UberTutorial.framework in Frameworks */,
			);
			runOnlyForDeploymentPostprocessing = 0;
		};
/* End PBXFrameworksBuildPhase section */

/* Begin PBXGroup section */
		AD9929B0C01063B770C37755 /* Pods */ = {
			isa = PBXGroup;
			children = (
				CCB883814D6CA09C74656099 /* Pods-UberTutorial.debug.xcconfig */,
				9817DB683C7038A89D0D2100 /* Pods-UberTutorial.release.xcconfig */,
			);
			path = Pods;
			sourceTree = "<group>";
		};
		B46CBC7966F9A9B30E894A50 /* Frameworks */ = {
			isa = PBXGroup;
			children = (
				4580E6F38DDAB6E1238E9FFF /* Pods_UberTutorial.framework */,
			);
			name = Frameworks;
			sourceTree = "<group>";
		};
		DE235D3324DD350800C2221A = {
			isa = PBXGroup;
			children = (
				DE235D3E24DD350800C2221A /* UberTutorial */,
				DE235D3D24DD350800C2221A /* Products */,
				AD9929B0C01063B770C37755 /* Pods */,
				B46CBC7966F9A9B30E894A50 /* Frameworks */,
			);
			sourceTree = "<group>";
		};
		DE235D3D24DD350800C2221A /* Products */ = {
			isa = PBXGroup;
			children = (
				DE235D3C24DD350800C2221A /* UberTutorial.app */,
			);
			name = Products;
			sourceTree = "<group>";
		};
		DE235D3E24DD350800C2221A /* UberTutorial */ = {
			isa = PBXGroup;
			children = (
				DE235D5924DD35B000C2221A /* Model */,
				DE235D5824DD35AE00C2221A /* View */,
				DE235D5724DD35AD00C2221A /* Controller */,
				DE235D5424DD359800C2221A /* Service */,
				DE235D5324DD354C00C2221A /* Utilies */,
				DE235D3F24DD350800C2221A /* AppDelegate.swift */,
				DE235D4124DD350800C2221A /* SceneDelegate.swift */,
				DE235D4824DD350C00C2221A /* Assets.xcassets */,
				DE235D4A24DD350C00C2221A /* LaunchScreen.storyboard */,
				DE235D4D24DD350C00C2221A /* Info.plist */,
				DE7BD40D24E13B5B004F0881 /* GoogleService-Info.plist */,
			);
			path = UberTutorial;
			sourceTree = "<group>";
		};
		DE235D5324DD354C00C2221A /* Utilies */ = {
			isa = PBXGroup;
			children = (
				DE235D5C24DD420100C2221A /* Extension.swift */,
				DE7BD46124E699D3004F0881 /* Locatiohandler.swift */,
			);
			path = Utilies;
			sourceTree = "<group>";
		};
		DE235D5424DD359800C2221A /* Service */ = {
			isa = PBXGroup;
			children = (
				DE7BD41724E2E218004F0881 /* Service.swift */,
			);
			path = Service;
			sourceTree = "<group>";
		};
		DE235D5724DD35AD00C2221A /* Controller */ = {
			isa = PBXGroup;
			children = (
				DE235D5A24DD36B000C2221A /* LoginContrroller.swift */,
				DE7BD40724DEC38C004F0881 /* SignUpController.swift */,
				DE7BD40F24E14AC6004F0881 /* HomeController.swift */,
			);
			path = Controller;
			sourceTree = "<group>";
		};
		DE235D5824DD35AE00C2221A /* View */ = {
			isa = PBXGroup;
			children = (
				DE7BD40924E12C61004F0881 /* AuthButton.swift */,
				DE7BD41124E1906B004F0881 /* LocationInputActivationView.swift */,
				DE7BD41324E2544E004F0881 /* LocationInputView.swift */,
				DE7BD41524E270B1004F0881 /* LocationCell.swift */,
				DE8E80B22500C61100DDAAC2 /* RideActionView.swift */,
			);
			path = View;
			sourceTree = "<group>";
		};
		DE235D5924DD35B000C2221A /* Model */ = {
			isa = PBXGroup;
			children = (
				DE7BD45F24E687F4004F0881 /* User.swift */,
				DE7BD46324E9425F004F0881 /* DriverAnnotation.swift */,
			);
			path = Model;
			sourceTree = "<group>";
		};
/* End PBXGroup section */

/* Begin PBXNativeTarget section */
		DE235D3B24DD350800C2221A /* UberTutorial */ = {
			isa = PBXNativeTarget;
			buildConfigurationList = DE235D5024DD350C00C2221A /* Build configuration list for PBXNativeTarget "UberTutorial" */;
			buildPhases = (
				6BEA1D04FDBA5A03D90E00BF /* [CP] Check Pods Manifest.lock */,
				DE235D3824DD350800C2221A /* Sources */,
				DE235D3924DD350800C2221A /* Frameworks */,
				DE235D3A24DD350800C2221A /* Resources */,
				33F03F58B2FBFDE61474A201 /* [CP] Embed Pods Frameworks */,
			);
			buildRules = (
			);
			dependencies = (
			);
			name = UberTutorial;
			productName = UberTutorial;
			productReference = DE235D3C24DD350800C2221A /* UberTutorial.app */;
			productType = "com.apple.product-type.application";
		};
/* End PBXNativeTarget section */

/* Begin PBXProject section */
		DE235D3424DD350800C2221A /* Project object */ = {
			isa = PBXProject;
			attributes = {
				LastSwiftUpdateCheck = 1160;
				LastUpgradeCheck = 1160;
				ORGANIZATIONNAME = "김믿음";
				TargetAttributes = {
					DE235D3B24DD350800C2221A = {
						CreatedOnToolsVersion = 11.6;
					};
				};
			};
			buildConfigurationList = DE235D3724DD350800C2221A /* Build configuration list for PBXProject "UberTutorial" */;
			compatibilityVersion = "Xcode 9.3";
			developmentRegion = en;
			hasScannedForEncodings = 0;
			knownRegions = (
				en,
				Base,
			);
			mainGroup = DE235D3324DD350800C2221A;
			productRefGroup = DE235D3D24DD350800C2221A /* Products */;
			projectDirPath = "";
			projectRoot = "";
			targets = (
				DE235D3B24DD350800C2221A /* UberTutorial */,
			);
		};
/* End PBXProject section */

/* Begin PBXResourcesBuildPhase section */
		DE235D3A24DD350800C2221A /* Resources */ = {
			isa = PBXResourcesBuildPhase;
			buildActionMask = 2147483647;
			files = (
				DE235D4C24DD350C00C2221A /* LaunchScreen.storyboard in Resources */,
				DE235D4924DD350C00C2221A /* Assets.xcassets in Resources */,
				DE7BD40E24E13B5B004F0881 /* GoogleService-Info.plist in Resources */,
			);
			runOnlyForDeploymentPostprocessing = 0;
		};
/* End PBXResourcesBuildPhase section */

/* Begin PBXShellScriptBuildPhase section */
		33F03F58B2FBFDE61474A201 /* [CP] Embed Pods Frameworks */ = {
			isa = PBXShellScriptBuildPhase;
			buildActionMask = 2147483647;
			files = (
			);
			inputFileListPaths = (
				"${PODS_ROOT}/Target Support Files/Pods-UberTutorial/Pods-UberTutorial-frameworks-${CONFIGURATION}-input-files.xcfilelist",
			);
			name = "[CP] Embed Pods Frameworks";
			outputFileListPaths = (
				"${PODS_ROOT}/Target Support Files/Pods-UberTutorial/Pods-UberTutorial-frameworks-${CONFIGURATION}-output-files.xcfilelist",
			);
			runOnlyForDeploymentPostprocessing = 0;
			shellPath = /bin/sh;
			shellScript = "\"${PODS_ROOT}/Target Support Files/Pods-UberTutorial/Pods-UberTutorial-frameworks.sh\"\n";
			showEnvVarsInLog = 0;
		};
		6BEA1D04FDBA5A03D90E00BF /* [CP] Check Pods Manifest.lock */ = {
			isa = PBXShellScriptBuildPhase;
			buildActionMask = 2147483647;
			files = (
			);
			inputFileListPaths = (
			);
			inputPaths = (
				"${PODS_PODFILE_DIR_PATH}/Podfile.lock",
				"${PODS_ROOT}/Manifest.lock",
			);
			name = "[CP] Check Pods Manifest.lock";
			outputFileListPaths = (
			);
			outputPaths = (
				"$(DERIVED_FILE_DIR)/Pods-UberTutorial-checkManifestLockResult.txt",
			);
			runOnlyForDeploymentPostprocessing = 0;
			shellPath = /bin/sh;
			shellScript = "diff \"${PODS_PODFILE_DIR_PATH}/Podfile.lock\" \"${PODS_ROOT}/Manifest.lock\" > /dev/null\nif [ $? != 0 ] ; then\n    # print error to STDERR\n    echo \"error: The sandbox is not in sync with the Podfile.lock. Run 'pod install' or update your CocoaPods installation.\" >&2\n    exit 1\nfi\n# This output is used by Xcode 'outputs' to avoid re-running this script phase.\necho \"SUCCESS\" > \"${SCRIPT_OUTPUT_FILE_0}\"\n";
			showEnvVarsInLog = 0;
		};
/* End PBXShellScriptBuildPhase section */

/* Begin PBXSourcesBuildPhase section */
		DE235D3824DD350800C2221A /* Sources */ = {
			isa = PBXSourcesBuildPhase;
			buildActionMask = 2147483647;
			files = (
				DE7BD40824DEC38C004F0881 /* SignUpController.swift in Sources */,
				DE7BD40A24E12C61004F0881 /* AuthButton.swift in Sources */,
				DE7BD41024E14AC6004F0881 /* HomeController.swift in Sources */,
				DE7BD41424E2544E004F0881 /* LocationInputView.swift in Sources */,
				DE7BD46424E9425F004F0881 /* DriverAnnotation.swift in Sources */,
				DE235D5B24DD36B000C2221A /* LoginContrroller.swift in Sources */,
				DE235D4024DD350800C2221A /* AppDelegate.swift in Sources */,
				DE7BD41624E270B2004F0881 /* LocationCell.swift in Sources */,
				DE235D4224DD350800C2221A /* SceneDelegate.swift in Sources */,
				DE7BD46024E687F4004F0881 /* User.swift in Sources */,
				DE8E80B32500C61100DDAAC2 /* RideActionView.swift in Sources */,
				DE7BD41824E2E218004F0881 /* Service.swift in Sources */,
				DE7BD46224E699D3004F0881 /* Locatiohandler.swift in Sources */,
				DE7BD41224E1906B004F0881 /* LocationInputActivationView.swift in Sources */,
				DE235D5D24DD420100C2221A /* Extension.swift in Sources */,
			);
			runOnlyForDeploymentPostprocessing = 0;
		};
/* End PBXSourcesBuildPhase section */

/* Begin PBXVariantGroup section */
		DE235D4A24DD350C00C2221A /* LaunchScreen.storyboard */ = {
			isa = PBXVariantGroup;
			children = (
				DE235D4B24DD350C00C2221A /* Base */,
			);
			name = LaunchScreen.storyboard;
			sourceTree = "<group>";
		};
/* End PBXVariantGroup section */

/* Begin XCBuildConfiguration section */
		DE235D4E24DD350C00C2221A /* Debug */ = {
			isa = XCBuildConfiguration;
			buildSettings = {
				ALWAYS_SEARCH_USER_PATHS = NO;
				CLANG_ANALYZER_NONNULL = YES;
				CLANG_ANALYZER_NUMBER_OBJECT_CONVERSION = YES_AGGRESSIVE;
				CLANG_CXX_LANGUAGE_STANDARD = "gnu++14";
				CLANG_CXX_LIBRARY = "libc++";
				CLANG_ENABLE_MODULES = YES;
				CLANG_ENABLE_OBJC_ARC = YES;
				CLANG_ENABLE_OBJC_WEAK = YES;
				CLANG_WARN_BLOCK_CAPTURE_AUTORELEASING = YES;
				CLANG_WARN_BOOL_CONVERSION = YES;
				CLANG_WARN_COMMA = YES;
				CLANG_WARN_CONSTANT_CONVERSION = YES;
				CLANG_WARN_DEPRECATED_OBJC_IMPLEMENTATIONS = YES;
				CLANG_WARN_DIRECT_OBJC_ISA_USAGE = YES_ERROR;
				CLANG_WARN_DOCUMENTATION_COMMENTS = YES;
				CLANG_WARN_EMPTY_BODY = YES;
				CLANG_WARN_ENUM_CONVERSION = YES;
				CLANG_WARN_INFINITE_RECURSION = YES;
				CLANG_WARN_INT_CONVERSION = YES;
				CLANG_WARN_NON_LITERAL_NULL_CONVERSION = YES;
				CLANG_WARN_OBJC_IMPLICIT_RETAIN_SELF = YES;
				CLANG_WARN_OBJC_LITERAL_CONVERSION = YES;
				CLANG_WARN_OBJC_ROOT_CLASS = YES_ERROR;
				CLANG_WARN_RANGE_LOOP_ANALYSIS = YES;
				CLANG_WARN_STRICT_PROTOTYPES = YES;
				CLANG_WARN_SUSPICIOUS_MOVE = YES;
				CLANG_WARN_UNGUARDED_AVAILABILITY = YES_AGGRESSIVE;
				CLANG_WARN_UNREACHABLE_CODE = YES;
				CLANG_WARN__DUPLICATE_METHOD_MATCH = YES;
				COPY_PHASE_STRIP = NO;
				DEBUG_INFORMATION_FORMAT = dwarf;
				ENABLE_STRICT_OBJC_MSGSEND = YES;
				ENABLE_TESTABILITY = YES;
				GCC_C_LANGUAGE_STANDARD = gnu11;
				GCC_DYNAMIC_NO_PIC = NO;
				GCC_NO_COMMON_BLOCKS = YES;
				GCC_OPTIMIZATION_LEVEL = 0;
				GCC_PREPROCESSOR_DEFINITIONS = (
					"DEBUG=1",
					"$(inherited)",
				);
				GCC_WARN_64_TO_32_BIT_CONVERSION = YES;
				GCC_WARN_ABOUT_RETURN_TYPE = YES_ERROR;
				GCC_WARN_UNDECLARED_SELECTOR = YES;
				GCC_WARN_UNINITIALIZED_AUTOS = YES_AGGRESSIVE;
				GCC_WARN_UNUSED_FUNCTION = YES;
				GCC_WARN_UNUSED_VARIABLE = YES;
				IPHONEOS_DEPLOYMENT_TARGET = 13.6;
				MTL_ENABLE_DEBUG_INFO = INCLUDE_SOURCE;
				MTL_FAST_MATH = YES;
				ONLY_ACTIVE_ARCH = YES;
				SDKROOT = iphoneos;
				SWIFT_ACTIVE_COMPILATION_CONDITIONS = DEBUG;
				SWIFT_OPTIMIZATION_LEVEL = "-Onone";
			};
			name = Debug;
		};
		DE235D4F24DD350C00C2221A /* Release */ = {
			isa = XCBuildConfiguration;
			buildSettings = {
				ALWAYS_SEARCH_USER_PATHS = NO;
				CLANG_ANALYZER_NONNULL = YES;
				CLANG_ANALYZER_NUMBER_OBJECT_CONVERSION = YES_AGGRESSIVE;
				CLANG_CXX_LANGUAGE_STANDARD = "gnu++14";
				CLANG_CXX_LIBRARY = "libc++";
				CLANG_ENABLE_MODULES = YES;
				CLANG_ENABLE_OBJC_ARC = YES;
				CLANG_ENABLE_OBJC_WEAK = YES;
				CLANG_WARN_BLOCK_CAPTURE_AUTORELEASING = YES;
				CLANG_WARN_BOOL_CONVERSION = YES;
				CLANG_WARN_COMMA = YES;
				CLANG_WARN_CONSTANT_CONVERSION = YES;
				CLANG_WARN_DEPRECATED_OBJC_IMPLEMENTATIONS = YES;
				CLANG_WARN_DIRECT_OBJC_ISA_USAGE = YES_ERROR;
				CLANG_WARN_DOCUMENTATION_COMMENTS = YES;
				CLANG_WARN_EMPTY_BODY = YES;
				CLANG_WARN_ENUM_CONVERSION = YES;
				CLANG_WARN_INFINITE_RECURSION = YES;
				CLANG_WARN_INT_CONVERSION = YES;
				CLANG_WARN_NON_LITERAL_NULL_CONVERSION = YES;
				CLANG_WARN_OBJC_IMPLICIT_RETAIN_SELF = YES;
				CLANG_WARN_OBJC_LITERAL_CONVERSION = YES;
				CLANG_WARN_OBJC_ROOT_CLASS = YES_ERROR;
				CLANG_WARN_RANGE_LOOP_ANALYSIS = YES;
				CLANG_WARN_STRICT_PROTOTYPES = YES;
				CLANG_WARN_SUSPICIOUS_MOVE = YES;
				CLANG_WARN_UNGUARDED_AVAILABILITY = YES_AGGRESSIVE;
				CLANG_WARN_UNREACHABLE_CODE = YES;
				CLANG_WARN__DUPLICATE_METHOD_MATCH = YES;
				COPY_PHASE_STRIP = NO;
				DEBUG_INFORMATION_FORMAT = "dwarf-with-dsym";
				ENABLE_NS_ASSERTIONS = NO;
				ENABLE_STRICT_OBJC_MSGSEND = YES;
				GCC_C_LANGUAGE_STANDARD = gnu11;
				GCC_NO_COMMON_BLOCKS = YES;
				GCC_WARN_64_TO_32_BIT_CONVERSION = YES;
				GCC_WARN_ABOUT_RETURN_TYPE = YES_ERROR;
				GCC_WARN_UNDECLARED_SELECTOR = YES;
				GCC_WARN_UNINITIALIZED_AUTOS = YES_AGGRESSIVE;
				GCC_WARN_UNUSED_FUNCTION = YES;
				GCC_WARN_UNUSED_VARIABLE = YES;
				IPHONEOS_DEPLOYMENT_TARGET = 13.6;
				MTL_ENABLE_DEBUG_INFO = NO;
				MTL_FAST_MATH = YES;
				SDKROOT = iphoneos;
				SWIFT_COMPILATION_MODE = wholemodule;
				SWIFT_OPTIMIZATION_LEVEL = "-O";
				VALIDATE_PRODUCT = YES;
			};
			name = Release;
		};
		DE235D5124DD350C00C2221A /* Debug */ = {
			isa = XCBuildConfiguration;
			baseConfigurationReference = CCB883814D6CA09C74656099 /* Pods-UberTutorial.debug.xcconfig */;
			buildSettings = {
				ASSETCATALOG_COMPILER_APPICON_NAME = AppIcon;
				CODE_SIGN_STYLE = Automatic;
				DEVELOPMENT_TEAM = B974W3SGZC;
				INFOPLIST_FILE = UberTutorial/Info.plist;
				IPHONEOS_DEPLOYMENT_TARGET = 13.1;
				LD_RUNPATH_SEARCH_PATHS = (
					"$(inherited)",
					"@executable_path/Frameworks",
				);
				PRODUCT_BUNDLE_IDENTIFIER = kr.example.midum.UberTutorial;
				PRODUCT_NAME = "$(TARGET_NAME)";
				SWIFT_VERSION = 5.0;
				TARGETED_DEVICE_FAMILY = "1,2";
			};
			name = Debug;
		};
		DE235D5224DD350C00C2221A /* Release */ = {
			isa = XCBuildConfiguration;
			baseConfigurationReference = 9817DB683C7038A89D0D2100 /* Pods-UberTutorial.release.xcconfig */;
			buildSettings = {
				ASSETCATALOG_COMPILER_APPICON_NAME = AppIcon;
				CODE_SIGN_STYLE = Automatic;
				DEVELOPMENT_TEAM = B974W3SGZC;
				INFOPLIST_FILE = UberTutorial/Info.plist;
				IPHONEOS_DEPLOYMENT_TARGET = 13.1;
				LD_RUNPATH_SEARCH_PATHS = (
					"$(inherited)",
					"@executable_path/Frameworks",
				);
				PRODUCT_BUNDLE_IDENTIFIER = kr.example.midum.UberTutorial;
				PRODUCT_NAME = "$(TARGET_NAME)";
				SWIFT_VERSION = 5.0;
				TARGETED_DEVICE_FAMILY = "1,2";
			};
			name = Release;
		};
/* End XCBuildConfiguration section */

/* Begin XCConfigurationList section */
		DE235D3724DD350800C2221A /* Build configuration list for PBXProject "UberTutorial" */ = {
			isa = XCConfigurationList;
			buildConfigurations = (
				DE235D4E24DD350C00C2221A /* Debug */,
				DE235D4F24DD350C00C2221A /* Release */,
			);
			defaultConfigurationIsVisible = 0;
			defaultConfigurationName = Release;
		};
		DE235D5024DD350C00C2221A /* Build configuration list for PBXNativeTarget "UberTutorial" */ = {
			isa = XCConfigurationList;
			buildConfigurations = (
				DE235D5124DD350C00C2221A /* Debug */,
				DE235D5224DD350C00C2221A /* Release */,
			);
			defaultConfigurationIsVisible = 0;
			defaultConfigurationName = Release;
		};
/* End XCConfigurationList section */
	};
	rootObject = DE235D3424DD350800C2221A /* Project object */;
}
